
Microsoft Visual Studio Solution File, Format Version 12.00
# Visual Studio Version 17
VisualStudioVersion = 17.5.002.0
MinimumVisualStudioVersion = 10.0.40219.1
Project("{9A19103F-16F7-4668-BE54-9A1E7A4F7556}") = "ComparacaoValores e referencias", "ComparacaoValores e referencias.csproj", "{FAED226A-E805-4D05-8C63-AA04FD69A001}"
EndProject
Global
	GlobalSection(SolutionConfigurationPlatforms) = preSolution
		Debug|Any CPU = Debug|Any CPU
		Release|Any CPU = Release|Any CPU
	EndGlobalSection
	GlobalSection(ProjectConfigurationPlatforms) = postSolution
		{FAED226A-E805-4D05-8C63-AA04FD69A001}.Debug|Any CPU.ActiveCfg = Debug|Any CPU
		{FAED226A-E805-4D05-8C63-AA04FD69A001}.Debug|Any CPU.Build.0 = Debug|Any CPU
		{FAED226A-E805-4D05-8C63-AA04FD69A001}.Release|Any CPU.ActiveCfg = Release|Any CPU
		{FAED226A-E805-4D05-8C63-AA04FD69A001}.Release|Any CPU.Build.0 = Release|Any CPU
	EndGlobalSection
	GlobalSection(SolutionProperties) = preSolution
		HideSolutionNode = FALSE
	EndGlobalSection
	GlobalSection(ExtensibilityGlobals) = postSolution
		SolutionGuid = {1BF3B43A-D1BE-49A0-B873-A01DA84910CA}
	EndGlobalSection
EndGlobal
